# This file is automatically @generated by Cargo.
# It is not intended for manual editing.
version = 3

[[package]]
name = "air-interpreter-wasm"
version = "0.56.0"
dependencies = [
 "built",
]

[[package]]
name = "built"
version = "0.7.1"
source = "registry+https://github.com/rust-lang/crates.io-index"
checksum = "38d17f4d6e4dc36d1a02fbedc2753a096848e7c1b0772f7654eab8e2c927dd53"
