# This file is automatically @generated by Cargo.
# It is not intended for manual editing.
version = 3

[[package]]
name = "air-interpreter-wasm"
version = "0.64.0"
dependencies = [
 "built",
]

[[package]]
name = "built"
version = "0.7.3"
source = "registry+https://github.com/rust-lang/crates.io-index"
checksum = "c6a6c0b39c38fd754ac338b00a88066436389c0f029da5d37d1e01091d9b7c17"
