{
    "name": "@fluencelabs/avm",
    "version": "0.55.0",
    "lockfileVersion": 2,
    "requires": true,
    "packages": {
        "": {
            "name": "@fluencelabs/avm",
            "version": "0.55.0",
            "license": "Apache 2.0",
            "dependencies": {
                "msgpackr": "^1.10.0",
                "multicodec": "^3.2.1"
            },
            "devDependencies": {
                "typescript": "5.2.2"
            }
        },
        "node_modules/@msgpackr-extract/msgpackr-extract-darwin-arm64": {
            "version": "3.0.2",
            "resolved": "https://registry.npmjs.org/@msgpackr-extract/msgpackr-extract-darwin-arm64/-/msgpackr-extract-darwin-arm64-3.0.2.tgz",
            "integrity": "sha512-9bfjwDxIDWmmOKusUcqdS4Rw+SETlp9Dy39Xui9BEGEk19dDwH0jhipwFzEff/pFg95NKymc6TOTbRKcWeRqyQ==",
            "cpu": [
                "arm64"
            ],
            "optional": true,
            "os": [
                "darwin"
            ]
        },
        "node_modules/@msgpackr-extract/msgpackr-extract-darwin-x64": {
            "version": "3.0.2",
            "resolved": "https://registry.npmjs.org/@msgpackr-extract/msgpackr-extract-darwin-x64/-/msgpackr-extract-darwin-x64-3.0.2.tgz",
            "integrity": "sha512-lwriRAHm1Yg4iDf23Oxm9n/t5Zpw1lVnxYU3HnJPTi2lJRkKTrps1KVgvL6m7WvmhYVt/FIsssWay+k45QHeuw==",
            "cpu": [
                "x64"
            ],
            "optional": true,
            "os": [
                "darwin"
            ]
        },
        "node_modules/@msgpackr-extract/msgpackr-extract-linux-arm": {
            "version": "3.0.2",
            "resolved": "https://registry.npmjs.org/@msgpackr-extract/msgpackr-extract-linux-arm/-/msgpackr-extract-linux-arm-3.0.2.tgz",
            "integrity": "sha512-MOI9Dlfrpi2Cuc7i5dXdxPbFIgbDBGgKR5F2yWEa6FVEtSWncfVNKW5AKjImAQ6CZlBK9tympdsZJ2xThBiWWA==",
            "cpu": [
                "arm"
            ],
            "optional": true,
            "os": [
                "linux"
            ]
        },
        "node_modules/@msgpackr-extract/msgpackr-extract-linux-arm64": {
            "version": "3.0.2",
            "resolved": "https://registry.npmjs.org/@msgpackr-extract/msgpackr-extract-linux-arm64/-/msgpackr-extract-linux-arm64-3.0.2.tgz",
            "integrity": "sha512-FU20Bo66/f7He9Fp9sP2zaJ1Q8L9uLPZQDub/WlUip78JlPeMbVL8546HbZfcW9LNciEXc8d+tThSJjSC+tmsg==",
            "cpu": [
                "arm64"
            ],
            "optional": true,
            "os": [
                "linux"
            ]
        },
        "node_modules/@msgpackr-extract/msgpackr-extract-linux-x64": {
            "version": "3.0.2",
            "resolved": "https://registry.npmjs.org/@msgpackr-extract/msgpackr-extract-linux-x64/-/msgpackr-extract-linux-x64-3.0.2.tgz",
            "integrity": "sha512-gsWNDCklNy7Ajk0vBBf9jEx04RUxuDQfBse918Ww+Qb9HCPoGzS+XJTLe96iN3BVK7grnLiYghP/M4L8VsaHeA==",
            "cpu": [
                "x64"
            ],
            "optional": true,
            "os": [
                "linux"
            ]
        },
        "node_modules/@msgpackr-extract/msgpackr-extract-win32-x64": {
            "version": "3.0.2",
            "resolved": "https://registry.npmjs.org/@msgpackr-extract/msgpackr-extract-win32-x64/-/msgpackr-extract-win32-x64-3.0.2.tgz",
            "integrity": "sha512-O+6Gs8UeDbyFpbSh2CPEz/UOrrdWPTBYNblZK5CxxLisYt4kGX3Sc+czffFonyjiGSq3jWLwJS/CCJc7tBr4sQ==",
            "cpu": [
                "x64"
            ],
            "optional": true,
            "os": [
                "win32"
            ]
        },
        "node_modules/msgpackr": {
            "version": "1.10.0",
            "resolved": "https://registry.npmjs.org/msgpackr/-/msgpackr-1.10.0.tgz",
            "integrity": "sha512-rVQ5YAQDoZKZLX+h8tNq7FiHrPJoeGHViz3U4wIcykhAEpwF/nH2Vbk8dQxmpX5JavkI8C7pt4bnkJ02ZmRoUw==",
            "optionalDependencies": {
                "msgpackr-extract": "^3.0.2"
            }
        },
        "node_modules/msgpackr-extract": {
            "version": "3.0.2",
            "resolved": "https://registry.npmjs.org/msgpackr-extract/-/msgpackr-extract-3.0.2.tgz",
            "integrity": "sha512-SdzXp4kD/Qf8agZ9+iTu6eql0m3kWm1A2y1hkpTeVNENutaB0BwHlSvAIaMxwntmRUAUjon2V4L8Z/njd0Ct8A==",
            "hasInstallScript": true,
            "optional": true,
            "dependencies": {
                "node-gyp-build-optional-packages": "5.0.7"
            },
            "bin": {
                "download-msgpackr-prebuilds": "bin/download-prebuilds.js"
            },
            "optionalDependencies": {
                "@msgpackr-extract/msgpackr-extract-darwin-arm64": "3.0.2",
                "@msgpackr-extract/msgpackr-extract-darwin-x64": "3.0.2",
                "@msgpackr-extract/msgpackr-extract-linux-arm": "3.0.2",
                "@msgpackr-extract/msgpackr-extract-linux-arm64": "3.0.2",
                "@msgpackr-extract/msgpackr-extract-linux-x64": "3.0.2",
                "@msgpackr-extract/msgpackr-extract-win32-x64": "3.0.2"
            }
        },
        "node_modules/multicodec": {
            "version": "3.2.1",
            "resolved": "https://registry.npmjs.org/multicodec/-/multicodec-3.2.1.tgz",
            "integrity": "sha512-+expTPftro8VAW8kfvcuNNNBgb9gPeNYV9dn+z1kJRWF2vih+/S79f2RVeIwmrJBUJ6NT9IUPWnZDQvegEh5pw==",
            "deprecated": "This module has been superseded by the multiformats module",
            "dependencies": {
                "uint8arrays": "^3.0.0",
                "varint": "^6.0.0"
            }
        },
        "node_modules/multiformats": {
            "version": "9.9.0",
            "resolved": "https://registry.npmjs.org/multiformats/-/multiformats-9.9.0.tgz",
            "integrity": "sha512-HoMUjhH9T8DDBNT+6xzkrd9ga/XiBI4xLr58LJACwK6G3HTOPeMz4nB4KJs33L2BelrIJa7P0VuNaVF3hMYfjg=="
        },
        "node_modules/node-gyp-build-optional-packages": {
            "version": "5.0.7",
            "resolved": "https://registry.npmjs.org/node-gyp-build-optional-packages/-/node-gyp-build-optional-packages-5.0.7.tgz",
            "integrity": "sha512-YlCCc6Wffkx0kHkmam79GKvDQ6x+QZkMjFGrIMxgFNILFvGSbCp2fCBC55pGTT9gVaz8Na5CLmxt/urtzRv36w==",
            "optional": true,
            "bin": {
                "node-gyp-build-optional-packages": "bin.js",
                "node-gyp-build-optional-packages-optional": "optional.js",
                "node-gyp-build-optional-packages-test": "build-test.js"
            }
        },
        "node_modules/typescript": {
            "version": "5.2.2",
            "resolved": "https://registry.npmjs.org/typescript/-/typescript-5.2.2.tgz",
            "integrity": "sha512-mI4WrpHsbCIcwT9cF4FZvr80QUeKvsUsUvKDoR+X/7XHQH98xYD8YHZg7ANtz2GtZt/CBq2QJ0thkGJMHfqc1w==",
            "dev": true,
            "bin": {
                "tsc": "bin/tsc",
                "tsserver": "bin/tsserver"
            },
            "engines": {
                "node": ">=14.17"
            }
        },
        "node_modules/uint8arrays": {
            "version": "3.1.1",
            "resolved": "https://registry.npmjs.org/uint8arrays/-/uint8arrays-3.1.1.tgz",
            "integrity": "sha512-+QJa8QRnbdXVpHYjLoTpJIdCTiw9Ir62nocClWuXIq2JIh4Uta0cQsTSpFL678p2CN8B+XSApwcU+pQEqVpKWg==",
            "dependencies": {
                "multiformats": "^9.4.2"
            }
        },
        "node_modules/varint": {
            "version": "6.0.0",
            "resolved": "https://registry.npmjs.org/varint/-/varint-6.0.0.tgz",
            "integrity": "sha512-cXEIW6cfr15lFv563k4GuVuW/fiwjknytD37jIOLSdSWuOI6WnO/oKwmP2FQTU2l01LP8/M5TSAJpzUaGe3uWg=="
        }
    },
    "dependencies": {
        "@msgpackr-extract/msgpackr-extract-darwin-arm64": {
            "version": "3.0.2",
            "resolved": "https://registry.npmjs.org/@msgpackr-extract/msgpackr-extract-darwin-arm64/-/msgpackr-extract-darwin-arm64-3.0.2.tgz",
            "integrity": "sha512-9bfjwDxIDWmmOKusUcqdS4Rw+SETlp9Dy39Xui9BEGEk19dDwH0jhipwFzEff/pFg95NKymc6TOTbRKcWeRqyQ==",
            "optional": true
        },
        "@msgpackr-extract/msgpackr-extract-darwin-x64": {
            "version": "3.0.2",
            "resolved": "https://registry.npmjs.org/@msgpackr-extract/msgpackr-extract-darwin-x64/-/msgpackr-extract-darwin-x64-3.0.2.tgz",
            "integrity": "sha512-lwriRAHm1Yg4iDf23Oxm9n/t5Zpw1lVnxYU3HnJPTi2lJRkKTrps1KVgvL6m7WvmhYVt/FIsssWay+k45QHeuw==",
            "optional": true
        },
        "@msgpackr-extract/msgpackr-extract-linux-arm": {
            "version": "3.0.2",
            "resolved": "https://registry.npmjs.org/@msgpackr-extract/msgpackr-extract-linux-arm/-/msgpackr-extract-linux-arm-3.0.2.tgz",
            "integrity": "sha512-MOI9Dlfrpi2Cuc7i5dXdxPbFIgbDBGgKR5F2yWEa6FVEtSWncfVNKW5AKjImAQ6CZlBK9tympdsZJ2xThBiWWA==",
            "optional": true
        },
        "@msgpackr-extract/msgpackr-extract-linux-arm64": {
            "version": "3.0.2",
            "resolved": "https://registry.npmjs.org/@msgpackr-extract/msgpackr-extract-linux-arm64/-/msgpackr-extract-linux-arm64-3.0.2.tgz",
            "integrity": "sha512-FU20Bo66/f7He9Fp9sP2zaJ1Q8L9uLPZQDub/WlUip78JlPeMbVL8546HbZfcW9LNciEXc8d+tThSJjSC+tmsg==",
            "optional": true
        },
        "@msgpackr-extract/msgpackr-extract-linux-x64": {
            "version": "3.0.2",
            "resolved": "https://registry.npmjs.org/@msgpackr-extract/msgpackr-extract-linux-x64/-/msgpackr-extract-linux-x64-3.0.2.tgz",
            "integrity": "sha512-gsWNDCklNy7Ajk0vBBf9jEx04RUxuDQfBse918Ww+Qb9HCPoGzS+XJTLe96iN3BVK7grnLiYghP/M4L8VsaHeA==",
            "optional": true
        },
        "@msgpackr-extract/msgpackr-extract-win32-x64": {
            "version": "3.0.2",
            "resolved": "https://registry.npmjs.org/@msgpackr-extract/msgpackr-extract-win32-x64/-/msgpackr-extract-win32-x64-3.0.2.tgz",
            "integrity": "sha512-O+6Gs8UeDbyFpbSh2CPEz/UOrrdWPTBYNblZK5CxxLisYt4kGX3Sc+czffFonyjiGSq3jWLwJS/CCJc7tBr4sQ==",
            "optional": true
        },
        "msgpackr": {
            "version": "1.10.0",
            "resolved": "https://registry.npmjs.org/msgpackr/-/msgpackr-1.10.0.tgz",
            "integrity": "sha512-rVQ5YAQDoZKZLX+h8tNq7FiHrPJoeGHViz3U4wIcykhAEpwF/nH2Vbk8dQxmpX5JavkI8C7pt4bnkJ02ZmRoUw==",
            "requires": {
                "msgpackr-extract": "^3.0.2"
            }
        },
        "msgpackr-extract": {
            "version": "3.0.2",
            "resolved": "https://registry.npmjs.org/msgpackr-extract/-/msgpackr-extract-3.0.2.tgz",
            "integrity": "sha512-SdzXp4kD/Qf8agZ9+iTu6eql0m3kWm1A2y1hkpTeVNENutaB0BwHlSvAIaMxwntmRUAUjon2V4L8Z/njd0Ct8A==",
            "optional": true,
            "requires": {
                "@msgpackr-extract/msgpackr-extract-darwin-arm64": "3.0.2",
                "@msgpackr-extract/msgpackr-extract-darwin-x64": "3.0.2",
                "@msgpackr-extract/msgpackr-extract-linux-arm": "3.0.2",
                "@msgpackr-extract/msgpackr-extract-linux-arm64": "3.0.2",
                "@msgpackr-extract/msgpackr-extract-linux-x64": "3.0.2",
                "@msgpackr-extract/msgpackr-extract-win32-x64": "3.0.2",
                "node-gyp-build-optional-packages": "5.0.7"
            }
        },
        "multicodec": {
            "version": "3.2.1",
            "resolved": "https://registry.npmjs.org/multicodec/-/multicodec-3.2.1.tgz",
            "integrity": "sha512-+expTPftro8VAW8kfvcuNNNBgb9gPeNYV9dn+z1kJRWF2vih+/S79f2RVeIwmrJBUJ6NT9IUPWnZDQvegEh5pw==",
            "requires": {
                "uint8arrays": "^3.0.0",
                "varint": "^6.0.0"
            }
        },
        "multiformats": {
            "version": "9.9.0",
            "resolved": "https://registry.npmjs.org/multiformats/-/multiformats-9.9.0.tgz",
            "integrity": "sha512-HoMUjhH9T8DDBNT+6xzkrd9ga/XiBI4xLr58LJACwK6G3HTOPeMz4nB4KJs33L2BelrIJa7P0VuNaVF3hMYfjg=="
        },
        "node-gyp-build-optional-packages": {
            "version": "5.0.7",
            "resolved": "https://registry.npmjs.org/node-gyp-build-optional-packages/-/node-gyp-build-optional-packages-5.0.7.tgz",
            "integrity": "sha512-YlCCc6Wffkx0kHkmam79GKvDQ6x+QZkMjFGrIMxgFNILFvGSbCp2fCBC55pGTT9gVaz8Na5CLmxt/urtzRv36w==",
            "optional": true
        },
        "typescript": {
            "version": "5.2.2",
            "resolved": "https://registry.npmjs.org/typescript/-/typescript-5.2.2.tgz",
            "integrity": "sha512-mI4WrpHsbCIcwT9cF4FZvr80QUeKvsUsUvKDoR+X/7XHQH98xYD8YHZg7ANtz2GtZt/CBq2QJ0thkGJMHfqc1w==",
            "dev": true
        },
        "uint8arrays": {
            "version": "3.1.1",
            "resolved": "https://registry.npmjs.org/uint8arrays/-/uint8arrays-3.1.1.tgz",
            "integrity": "sha512-+QJa8QRnbdXVpHYjLoTpJIdCTiw9Ir62nocClWuXIq2JIh4Uta0cQsTSpFL678p2CN8B+XSApwcU+pQEqVpKWg==",
            "requires": {
                "multiformats": "^9.4.2"
            }
        },
        "varint": {
            "version": "6.0.0",
            "resolved": "https://registry.npmjs.org/varint/-/varint-6.0.0.tgz",
            "integrity": "sha512-cXEIW6cfr15lFv563k4GuVuW/fiwjknytD37jIOLSdSWuOI6WnO/oKwmP2FQTU2l01LP8/M5TSAJpzUaGe3uWg=="
        }
    }
}
