{
    "name": "@fluencelabs/avm",
    "version": "0.0.0",
    "lockfileVersion": 2,
    "requires": true,
    "packages": {
        "": {
            "name": "@fluencelabs/avm",
            "version": "0.0.0",
            "license": "Apache 2.0",
            "bin": {
                "copy-avm": "dist/copyAvm.js"
            },
            "devDependencies": {
                "@types/node": "^14.0.0",
                "typescript": "^4.0.0"
            }
        },
        "node_modules/@types/node": {
            "version": "14.18.9",
            "resolved": "https://registry.npmjs.org/@types/node/-/node-14.18.9.tgz",
            "integrity": "sha512-j11XSuRuAlft6vLDEX4RvhqC0KxNxx6QIyMXNb0vHHSNPXTPeiy3algESWmOOIzEtiEL0qiowPU3ewW9hHVa7Q==",
            "dev": true
        },
        "node_modules/typescript": {
            "version": "4.4.3",
            "resolved": "https://registry.npmjs.org/typescript/-/typescript-4.4.3.tgz",
            "integrity": "sha512-4xfscpisVgqqDfPaJo5vkd+Qd/ItkoagnHpufr+i2QCHBsNYp+G7UAoyFl8aPtx879u38wPV65rZ8qbGZijalA==",
            "dev": true,
            "bin": {
                "tsc": "bin/tsc",
                "tsserver": "bin/tsserver"
            },
            "engines": {
                "node": ">=4.2.0"
            }
        }
    },
    "dependencies": {
        "@types/node": {
            "version": "14.18.9",
            "resolved": "https://registry.npmjs.org/@types/node/-/node-14.18.9.tgz",
            "integrity": "sha512-j11XSuRuAlft6vLDEX4RvhqC0KxNxx6QIyMXNb0vHHSNPXTPeiy3algESWmOOIzEtiEL0qiowPU3ewW9hHVa7Q==",
            "dev": true
        },
        "typescript": {
            "version": "4.4.3",
            "resolved": "https://registry.npmjs.org/typescript/-/typescript-4.4.3.tgz",
            "integrity": "sha512-4xfscpisVgqqDfPaJo5vkd+Qd/ItkoagnHpufr+i2QCHBsNYp+G7UAoyFl8aPtx879u38wPV65rZ8qbGZijalA==",
            "dev": true
        }
    }
}
